// !$*UTF8*$!
{
	archiveVersion = 1;
	classes = {
	};
	objectVersion = 50;
	objects = {

/* Begin PBXBuildFile section */
		0856C0FF8F257333EF711320 /* Pods_innofest2018Tests.framework in Frameworks */ = {isa = PBXBuildFile; fileRef = C2F2CF8C9D89DDD990D42857 /* Pods_innofest2018Tests.framework */; };
		7479836EDDDDC12AA71E560F /* Pods_innofest2018UITests.framework in Frameworks */ = {isa = PBXBuildFile; fileRef = 10E8ABEA7ACE7FB3CED4E1DA /* Pods_innofest2018UITests.framework */; };
		D860DA30465DC4C1FFA4FAE9 /* Pods_innofest2018.framework in Frameworks */ = {isa = PBXBuildFile; fileRef = AA7E42963137A4F9826BAAD4 /* Pods_innofest2018.framework */; };
		FE3EBF41217DF29200AAEF28 /* AppDelegate.swift in Sources */ = {isa = PBXBuildFile; fileRef = FE3EBF40217DF29200AAEF28 /* AppDelegate.swift */; };
		FE3EBF43217DF29200AAEF28 /* ViewController.swift in Sources */ = {isa = PBXBuildFile; fileRef = FE3EBF42217DF29200AAEF28 /* ViewController.swift */; };
		FE3EBF46217DF29200AAEF28 /* Main.storyboard in Resources */ = {isa = PBXBuildFile; fileRef = FE3EBF44217DF29200AAEF28 /* Main.storyboard */; };
		FE3EBF48217DF29300AAEF28 /* Assets.xcassets in Resources */ = {isa = PBXBuildFile; fileRef = FE3EBF47217DF29300AAEF28 /* Assets.xcassets */; };
		FE3EBF4B217DF29300AAEF28 /* LaunchScreen.storyboard in Resources */ = {isa = PBXBuildFile; fileRef = FE3EBF49217DF29300AAEF28 /* LaunchScreen.storyboard */; };
		FE3EBF56217DF29300AAEF28 /* innofest2018Tests.swift in Sources */ = {isa = PBXBuildFile; fileRef = FE3EBF55217DF29300AAEF28 /* innofest2018Tests.swift */; };
		FE3EBF61217DF29300AAEF28 /* innofest2018UITests.swift in Sources */ = {isa = PBXBuildFile; fileRef = FE3EBF60217DF29300AAEF28 /* innofest2018UITests.swift */; };
		FE3EBF79217ECA6C00AAEF28 /* test.jpg in Resources */ = {isa = PBXBuildFile; fileRef = FE3EBF78217ECA6500AAEF28 /* test.jpg */; };
		FE3EBF7B217ECABB00AAEF28 /* CollectionViewCell.swift in Sources */ = {isa = PBXBuildFile; fileRef = FE3EBF7A217ECABB00AAEF28 /* CollectionViewCell.swift */; };
		FE3EBF7D217ECBC300AAEF28 /* CollectionViewController.swift in Sources */ = {isa = PBXBuildFile; fileRef = FE3EBF7C217ECBC300AAEF28 /* CollectionViewController.swift */; };
		FE3EBF7F217ED0DE00AAEF28 /* download.png in Resources */ = {isa = PBXBuildFile; fileRef = FE3EBF7E217ED0DE00AAEF28 /* download.png */; };
		FE3EBF81217EDBBC00AAEF28 /* maxresdefault.jpg in Resources */ = {isa = PBXBuildFile; fileRef = FE3EBF80217EDBBC00AAEF28 /* maxresdefault.jpg */; };
		FE3EBF83217EDC1300AAEF28 /* download.jpeg in Resources */ = {isa = PBXBuildFile; fileRef = FE3EBF82217EDC1300AAEF28 /* download.jpeg */; };
		FE3EBF85217EDE0000AAEF28 /* abstract-connecting-lines-and-dots-structure-on-dark-blue-background_vqhu_ynfl__F0000.png in Resources */ = {isa = PBXBuildFile; fileRef = FE3EBF84217EDE0000AAEF28 /* abstract-connecting-lines-and-dots-structure-on-dark-blue-background_vqhu_ynfl__F0000.png */; };
		FE3EBF89217EEFC100AAEF28 /* memoriesCollectionViewController.swift in Sources */ = {isa = PBXBuildFile; fileRef = FE3EBF88217EEFC100AAEF28 /* memoriesCollectionViewController.swift */; };
		FE3EBF8B217EF30500AAEF28 /* class.png in Resources */ = {isa = PBXBuildFile; fileRef = FE3EBF8A217EF30500AAEF28 /* class.png */; };
		FE3EBF8D217EFA9000AAEF28 /* Photo on 23-10-18 at 2.42 PM.jpg in Resources */ = {isa = PBXBuildFile; fileRef = FE3EBF8C217EFA9000AAEF28 /* Photo on 23-10-18 at 2.42 PM.jpg */; };
		FE3EBF8F217EFFD100AAEF28 /* shopCollectionViewController.swift in Sources */ = {isa = PBXBuildFile; fileRef = FE3EBF8E217EFFD100AAEF28 /* shopCollectionViewController.swift */; };
		FE3EBF91217F00C100AAEF28 /* poop.png in Resources */ = {isa = PBXBuildFile; fileRef = FE3EBF90217F00BE00AAEF28 /* poop.png */; };
		FE3EBFAF217F0B7E00AAEF28 /* Mahjong.png in Resources */ = {isa = PBXBuildFile; fileRef = FE3EBFAA217F0B7D00AAEF28 /* Mahjong.png */; };
		FE3EBFB0217F0B7E00AAEF28 /* Walk in the park.png in Resources */ = {isa = PBXBuildFile; fileRef = FE3EBFAB217F0B7D00AAEF28 /* Walk in the park.png */; };
		FE3EBFB1217F0B7E00AAEF28 /* Karaoke.png in Resources */ = {isa = PBXBuildFile; fileRef = FE3EBFAC217F0B7D00AAEF28 /* Karaoke.png */; };
		FE3EBFB2217F0B7E00AAEF28 /* Read.png in Resources */ = {isa = PBXBuildFile; fileRef = FE3EBFAD217F0B7D00AAEF28 /* Read.png */; };
		FE3EBFB3217F0B7E00AAEF28 /* Dance.png in Resources */ = {isa = PBXBuildFile; fileRef = FE3EBFAE217F0B7E00AAEF28 /* Dance.png */; };
/* End PBXBuildFile section */

/* Begin PBXContainerItemProxy section */
		FE3EBF52217DF29300AAEF28 /* PBXContainerItemProxy */ = {
			isa = PBXContainerItemProxy;
			containerPortal = FE3EBF35217DF29200AAEF28 /* Project object */;
			proxyType = 1;
			remoteGlobalIDString = FE3EBF3C217DF29200AAEF28;
			remoteInfo = innofest2018;
		};
		FE3EBF5D217DF29300AAEF28 /* PBXContainerItemProxy */ = {
			isa = PBXContainerItemProxy;
			containerPortal = FE3EBF35217DF29200AAEF28 /* Project object */;
			proxyType = 1;
			remoteGlobalIDString = FE3EBF3C217DF29200AAEF28;
			remoteInfo = innofest2018;
		};
/* End PBXContainerItemProxy section */

/* Begin PBXFileReference section */
		10E8ABEA7ACE7FB3CED4E1DA /* Pods_innofest2018UITests.framework */ = {isa = PBXFileReference; explicitFileType = wrapper.framework; includeInIndex = 0; path = Pods_innofest2018UITests.framework; sourceTree = BUILT_PRODUCTS_DIR; };
		30D3449DB41CE3B442D54F88 /* Pods-innofest2018Tests.release.xcconfig */ = {isa = PBXFileReference; includeInIndex = 1; lastKnownFileType = text.xcconfig; name = "Pods-innofest2018Tests.release.xcconfig"; path = "Target Support Files/Pods-innofest2018Tests/Pods-innofest2018Tests.release.xcconfig"; sourceTree = "<group>"; };
		51D953CC7202BB31F0469539 /* Pods-innofest2018UITests.release.xcconfig */ = {isa = PBXFileReference; includeInIndex = 1; lastKnownFileType = text.xcconfig; name = "Pods-innofest2018UITests.release.xcconfig"; path = "Target Support Files/Pods-innofest2018UITests/Pods-innofest2018UITests.release.xcconfig"; sourceTree = "<group>"; };
		5D87C0B451EA8A0408C125E2 /* Pods-innofest2018.debug.xcconfig */ = {isa = PBXFileReference; includeInIndex = 1; lastKnownFileType = text.xcconfig; name = "Pods-innofest2018.debug.xcconfig"; path = "Target Support Files/Pods-innofest2018/Pods-innofest2018.debug.xcconfig"; sourceTree = "<group>"; };
		78AB00D32BBC6D57AF36358B /* Pods-innofest2018Tests.debug.xcconfig */ = {isa = PBXFileReference; includeInIndex = 1; lastKnownFileType = text.xcconfig; name = "Pods-innofest2018Tests.debug.xcconfig"; path = "Target Support Files/Pods-innofest2018Tests/Pods-innofest2018Tests.debug.xcconfig"; sourceTree = "<group>"; };
		AA7E42963137A4F9826BAAD4 /* Pods_innofest2018.framework */ = {isa = PBXFileReference; explicitFileType = wrapper.framework; includeInIndex = 0; path = Pods_innofest2018.framework; sourceTree = BUILT_PRODUCTS_DIR; };
		AB914CBEAC73F42D17BA8A22 /* Pods-innofest2018.release.xcconfig */ = {isa = PBXFileReference; includeInIndex = 1; lastKnownFileType = text.xcconfig; name = "Pods-innofest2018.release.xcconfig"; path = "Target Support Files/Pods-innofest2018/Pods-innofest2018.release.xcconfig"; sourceTree = "<group>"; };
		C2F2CF8C9D89DDD990D42857 /* Pods_innofest2018Tests.framework */ = {isa = PBXFileReference; explicitFileType = wrapper.framework; includeInIndex = 0; path = Pods_innofest2018Tests.framework; sourceTree = BUILT_PRODUCTS_DIR; };
		C3D8280D68B2B1004E0CC463 /* Pods-innofest2018UITests.debug.xcconfig */ = {isa = PBXFileReference; includeInIndex = 1; lastKnownFileType = text.xcconfig; name = "Pods-innofest2018UITests.debug.xcconfig"; path = "Target Support Files/Pods-innofest2018UITests/Pods-innofest2018UITests.debug.xcconfig"; sourceTree = "<group>"; };
		FE3EBF3D217DF29200AAEF28 /* innofest2018.app */ = {isa = PBXFileReference; explicitFileType = wrapper.application; includeInIndex = 0; path = innofest2018.app; sourceTree = BUILT_PRODUCTS_DIR; };
		FE3EBF40217DF29200AAEF28 /* AppDelegate.swift */ = {isa = PBXFileReference; lastKnownFileType = sourcecode.swift; path = AppDelegate.swift; sourceTree = "<group>"; };
		FE3EBF42217DF29200AAEF28 /* ViewController.swift */ = {isa = PBXFileReference; lastKnownFileType = sourcecode.swift; path = ViewController.swift; sourceTree = "<group>"; };
		FE3EBF45217DF29200AAEF28 /* Base */ = {isa = PBXFileReference; lastKnownFileType = file.storyboard; name = Base; path = Base.lproj/Main.storyboard; sourceTree = "<group>"; };
		FE3EBF47217DF29300AAEF28 /* Assets.xcassets */ = {isa = PBXFileReference; lastKnownFileType = folder.assetcatalog; path = Assets.xcassets; sourceTree = "<group>"; };
		FE3EBF4A217DF29300AAEF28 /* Base */ = {isa = PBXFileReference; lastKnownFileType = file.storyboard; name = Base; path = Base.lproj/LaunchScreen.storyboard; sourceTree = "<group>"; };
		FE3EBF4C217DF29300AAEF28 /* Info.plist */ = {isa = PBXFileReference; lastKnownFileType = text.plist.xml; path = Info.plist; sourceTree = "<group>"; };
		FE3EBF51217DF29300AAEF28 /* innofest2018Tests.xctest */ = {isa = PBXFileReference; explicitFileType = wrapper.cfbundle; includeInIndex = 0; path = innofest2018Tests.xctest; sourceTree = BUILT_PRODUCTS_DIR; };
		FE3EBF55217DF29300AAEF28 /* innofest2018Tests.swift */ = {isa = PBXFileReference; lastKnownFileType = sourcecode.swift; path = innofest2018Tests.swift; sourceTree = "<group>"; };
		FE3EBF57217DF29300AAEF28 /* Info.plist */ = {isa = PBXFileReference; lastKnownFileType = text.plist.xml; path = Info.plist; sourceTree = "<group>"; };
		FE3EBF5C217DF29300AAEF28 /* innofest2018UITests.xctest */ = {isa = PBXFileReference; explicitFileType = wrapper.cfbundle; includeInIndex = 0; path = innofest2018UITests.xctest; sourceTree = BUILT_PRODUCTS_DIR; };
		FE3EBF60217DF29300AAEF28 /* innofest2018UITests.swift */ = {isa = PBXFileReference; lastKnownFileType = sourcecode.swift; path = innofest2018UITests.swift; sourceTree = "<group>"; };
		FE3EBF62217DF29300AAEF28 /* Info.plist */ = {isa = PBXFileReference; lastKnownFileType = text.plist.xml; path = Info.plist; sourceTree = "<group>"; };
		FE3EBF78217ECA6500AAEF28 /* test.jpg */ = {isa = PBXFileReference; lastKnownFileType = image.jpeg; path = test.jpg; sourceTree = "<group>"; };
		FE3EBF7A217ECABB00AAEF28 /* CollectionViewCell.swift */ = {isa = PBXFileReference; lastKnownFileType = sourcecode.swift; path = CollectionViewCell.swift; sourceTree = "<group>"; };
		FE3EBF7C217ECBC300AAEF28 /* CollectionViewController.swift */ = {isa = PBXFileReference; lastKnownFileType = sourcecode.swift; path = CollectionViewController.swift; sourceTree = "<group>"; };
		FE3EBF7E217ED0DE00AAEF28 /* download.png */ = {isa = PBXFileReference; lastKnownFileType = image.png; path = download.png; sourceTree = "<group>"; };
		FE3EBF80217EDBBC00AAEF28 /* maxresdefault.jpg */ = {isa = PBXFileReference; lastKnownFileType = image.jpeg; path = maxresdefault.jpg; sourceTree = "<group>"; };
		FE3EBF82217EDC1300AAEF28 /* download.jpeg */ = {isa = PBXFileReference; lastKnownFileType = image.jpeg; path = download.jpeg; sourceTree = "<group>"; };
		FE3EBF84217EDE0000AAEF28 /* abstract-connecting-lines-and-dots-structure-on-dark-blue-background_vqhu_ynfl__F0000.png */ = {isa = PBXFileReference; lastKnownFileType = image.png; path = "abstract-connecting-lines-and-dots-structure-on-dark-blue-background_vqhu_ynfl__F0000.png"; sourceTree = "<group>"; };
		FE3EBF88217EEFC100AAEF28 /* memoriesCollectionViewController.swift */ = {isa = PBXFileReference; lastKnownFileType = sourcecode.swift; path = memoriesCollectionViewController.swift; sourceTree = "<group>"; };
		FE3EBF8A217EF30500AAEF28 /* class.png */ = {isa = PBXFileReference; lastKnownFileType = image.png; path = class.png; sourceTree = "<group>"; };
		FE3EBF8C217EFA9000AAEF28 /* Photo on 23-10-18 at 2.42 PM.jpg */ = {isa = PBXFileReference; lastKnownFileType = image.jpeg; path = "Photo on 23-10-18 at 2.42 PM.jpg"; sourceTree = "<group>"; };
		FE3EBF8E217EFFD100AAEF28 /* shopCollectionViewController.swift */ = {isa = PBXFileReference; lastKnownFileType = sourcecode.swift; path = shopCollectionViewController.swift; sourceTree = "<group>"; };
		FE3EBF90217F00BE00AAEF28 /* poop.png */ = {isa = PBXFileReference; lastKnownFileType = image.png; path = poop.png; sourceTree = "<group>"; };
		FE3EBFAA217F0B7D00AAEF28 /* Mahjong.png */ = {isa = PBXFileReference; lastKnownFileType = image.png; path = Mahjong.png; sourceTree = "<group>"; };
		FE3EBFAB217F0B7D00AAEF28 /* Walk in the park.png */ = {isa = PBXFileReference; lastKnownFileType = image.png; path = "Walk in the park.png"; sourceTree = "<group>"; };
		FE3EBFAC217F0B7D00AAEF28 /* Karaoke.png */ = {isa = PBXFileReference; lastKnownFileType = image.png; path = Karaoke.png; sourceTree = "<group>"; };
		FE3EBFAD217F0B7D00AAEF28 /* Read.png */ = {isa = PBXFileReference; lastKnownFileType = image.png; path = Read.png; sourceTree = "<group>"; };
		FE3EBFAE217F0B7E00AAEF28 /* Dance.png */ = {isa = PBXFileReference; lastKnownFileType = image.png; path = Dance.png; sourceTree = "<group>"; };
/* End PBXFileReference section */

/* Begin PBXFrameworksBuildPhase section */
		FE3EBF3A217DF29200AAEF28 /* Frameworks */ = {
			isa = PBXFrameworksBuildPhase;
			buildActionMask = 2147483647;
			files = (
				D860DA30465DC4C1FFA4FAE9 /* Pods_innofest2018.framework in Frameworks */,
			);
			runOnlyForDeploymentPostprocessing = 0;
		};
		FE3EBF4E217DF29300AAEF28 /* Frameworks */ = {
			isa = PBXFrameworksBuildPhase;
			buildActionMask = 2147483647;
			files = (
				0856C0FF8F257333EF711320 /* Pods_innofest2018Tests.framework in Frameworks */,
			);
			runOnlyForDeploymentPostprocessing = 0;
		};
		FE3EBF59217DF29300AAEF28 /* Frameworks */ = {
			isa = PBXFrameworksBuildPhase;
			buildActionMask = 2147483647;
			files = (
				7479836EDDDDC12AA71E560F /* Pods_innofest2018UITests.framework in Frameworks */,
			);
			runOnlyForDeploymentPostprocessing = 0;
		};
/* End PBXFrameworksBuildPhase section */

/* Begin PBXGroup section */
		746B4CDB9F363CD0FF44E463 /* Frameworks */ = {
			isa = PBXGroup;
			children = (
				AA7E42963137A4F9826BAAD4 /* Pods_innofest2018.framework */,
				C2F2CF8C9D89DDD990D42857 /* Pods_innofest2018Tests.framework */,
				10E8ABEA7ACE7FB3CED4E1DA /* Pods_innofest2018UITests.framework */,
			);
			name = Frameworks;
			sourceTree = "<group>";
		};
		CB9B8C950AEB66435D958F52 /* Pods */ = {
			isa = PBXGroup;
			children = (
				5D87C0B451EA8A0408C125E2 /* Pods-innofest2018.debug.xcconfig */,
				AB914CBEAC73F42D17BA8A22 /* Pods-innofest2018.release.xcconfig */,
				78AB00D32BBC6D57AF36358B /* Pods-innofest2018Tests.debug.xcconfig */,
				30D3449DB41CE3B442D54F88 /* Pods-innofest2018Tests.release.xcconfig */,
				C3D8280D68B2B1004E0CC463 /* Pods-innofest2018UITests.debug.xcconfig */,
				51D953CC7202BB31F0469539 /* Pods-innofest2018UITests.release.xcconfig */,
			);
			path = Pods;
			sourceTree = "<group>";
		};
		FE3EBF34217DF29200AAEF28 = {
			isa = PBXGroup;
			children = (
				FE3EBF3F217DF29200AAEF28 /* innofest2018 */,
				FE3EBF54217DF29300AAEF28 /* innofest2018Tests */,
				FE3EBF5F217DF29300AAEF28 /* innofest2018UITests */,
				FE3EBF3E217DF29200AAEF28 /* Products */,
				CB9B8C950AEB66435D958F52 /* Pods */,
				746B4CDB9F363CD0FF44E463 /* Frameworks */,
			);
			sourceTree = "<group>";
		};
		FE3EBF3E217DF29200AAEF28 /* Products */ = {
			isa = PBXGroup;
			children = (
				FE3EBF3D217DF29200AAEF28 /* innofest2018.app */,
				FE3EBF51217DF29300AAEF28 /* innofest2018Tests.xctest */,
				FE3EBF5C217DF29300AAEF28 /* innofest2018UITests.xctest */,
			);
			name = Products;
			sourceTree = "<group>";
		};
		FE3EBF3F217DF29200AAEF28 /* innofest2018 */ = {
			isa = PBXGroup;
			children = (
				FE3EBF40217DF29200AAEF28 /* AppDelegate.swift */,
				FE3EBF42217DF29200AAEF28 /* ViewController.swift */,
				FE3EBF7C217ECBC300AAEF28 /* CollectionViewController.swift */,
				FE3EBF7A217ECABB00AAEF28 /* CollectionViewCell.swift */,
				FE3EBF44217DF29200AAEF28 /* Main.storyboard */,
				FE3EBF8E217EFFD100AAEF28 /* shopCollectionViewController.swift */,
				FE3EBF88217EEFC100AAEF28 /* memoriesCollectionViewController.swift */,
				FE3EBF47217DF29300AAEF28 /* Assets.xcassets */,
				FE3EBF49217DF29300AAEF28 /* LaunchScreen.storyboard */,
				FE3EBF4C217DF29300AAEF28 /* Info.plist */,
				FE3EBF78217ECA6500AAEF28 /* test.jpg */,
				FE3EBF7E217ED0DE00AAEF28 /* download.png */,
				FE3EBF80217EDBBC00AAEF28 /* maxresdefault.jpg */,
				FE3EBF82217EDC1300AAEF28 /* download.jpeg */,
				FE3EBF84217EDE0000AAEF28 /* abstract-connecting-lines-and-dots-structure-on-dark-blue-background_vqhu_ynfl__F0000.png */,
				FE3EBF8A217EF30500AAEF28 /* class.png */,
				FE3EBF8C217EFA9000AAEF28 /* Photo on 23-10-18 at 2.42 PM.jpg */,
				FE3EBF90217F00BE00AAEF28 /* poop.png */,
				FE3EBFAA217F0B7D00AAEF28 /* Mahjong.png */,
				FE3EBFAB217F0B7D00AAEF28 /* Walk in the park.png */,
				FE3EBFAC217F0B7D00AAEF28 /* Karaoke.png */,
				FE3EBFAD217F0B7D00AAEF28 /* Read.png */,
				FE3EBFAE217F0B7E00AAEF28 /* Dance.png */,
			);
			path = innofest2018;
			sourceTree = "<group>";
		};
		FE3EBF54217DF29300AAEF28 /* innofest2018Tests */ = {
			isa = PBXGroup;
			children = (
				FE3EBF55217DF29300AAEF28 /* innofest2018Tests.swift */,
				FE3EBF57217DF29300AAEF28 /* Info.plist */,
			);
			path = innofest2018Tests;
			sourceTree = "<group>";
		};
		FE3EBF5F217DF29300AAEF28 /* innofest2018UITests */ = {
			isa = PBXGroup;
			children = (
				FE3EBF60217DF29300AAEF28 /* innofest2018UITests.swift */,
				FE3EBF62217DF29300AAEF28 /* Info.plist */,
			);
			path = innofest2018UITests;
			sourceTree = "<group>";
		};
/* End PBXGroup section */

/* Begin PBXNativeTarget section */
		FE3EBF3C217DF29200AAEF28 /* innofest2018 */ = {
			isa = PBXNativeTarget;
			buildConfigurationList = FE3EBF65217DF29300AAEF28 /* Build configuration list for PBXNativeTarget "innofest2018" */;
			buildPhases = (
				4DE12EE360C3B51211CCEEAA /* [CP] Check Pods Manifest.lock */,
				FE3EBF39217DF29200AAEF28 /* Sources */,
				FE3EBF3A217DF29200AAEF28 /* Frameworks */,
				FE3EBF3B217DF29200AAEF28 /* Resources */,
				49C1851F439CBCAFBF39287C /* [CP] Embed Pods Frameworks */,
			);
			buildRules = (
			);
			dependencies = (
			);
			name = innofest2018;
			productName = innofest2018;
			productReference = FE3EBF3D217DF29200AAEF28 /* innofest2018.app */;
			productType = "com.apple.product-type.application";
		};
		FE3EBF50217DF29300AAEF28 /* innofest2018Tests */ = {
			isa = PBXNativeTarget;
			buildConfigurationList = FE3EBF68217DF29300AAEF28 /* Build configuration list for PBXNativeTarget "innofest2018Tests" */;
			buildPhases = (
				720B6A94BD37DA108A1CC0EA /* [CP] Check Pods Manifest.lock */,
				FE3EBF4D217DF29300AAEF28 /* Sources */,
				FE3EBF4E217DF29300AAEF28 /* Frameworks */,
				FE3EBF4F217DF29300AAEF28 /* Resources */,
			);
			buildRules = (
			);
			dependencies = (
				FE3EBF53217DF29300AAEF28 /* PBXTargetDependency */,
			);
			name = innofest2018Tests;
			productName = innofest2018Tests;
			productReference = FE3EBF51217DF29300AAEF28 /* innofest2018Tests.xctest */;
			productType = "com.apple.product-type.bundle.unit-test";
		};
		FE3EBF5B217DF29300AAEF28 /* innofest2018UITests */ = {
			isa = PBXNativeTarget;
			buildConfigurationList = FE3EBF6B217DF29300AAEF28 /* Build configuration list for PBXNativeTarget "innofest2018UITests" */;
			buildPhases = (
				421A0FAE980059D50E7CE8AE /* [CP] Check Pods Manifest.lock */,
				FE3EBF58217DF29300AAEF28 /* Sources */,
				FE3EBF59217DF29300AAEF28 /* Frameworks */,
				FE3EBF5A217DF29300AAEF28 /* Resources */,
			);
			buildRules = (
			);
			dependencies = (
				FE3EBF5E217DF29300AAEF28 /* PBXTargetDependency */,
			);
			name = innofest2018UITests;
			productName = innofest2018UITests;
			productReference = FE3EBF5C217DF29300AAEF28 /* innofest2018UITests.xctest */;
			productType = "com.apple.product-type.bundle.ui-testing";
		};
/* End PBXNativeTarget section */

/* Begin PBXProject section */
		FE3EBF35217DF29200AAEF28 /* Project object */ = {
			isa = PBXProject;
			attributes = {
				LastSwiftUpdateCheck = 1000;
				LastUpgradeCheck = 1000;
				ORGANIZATIONNAME = "Ler Yan En";
				TargetAttributes = {
					FE3EBF3C217DF29200AAEF28 = {
						CreatedOnToolsVersion = 10.0;
					};
					FE3EBF50217DF29300AAEF28 = {
						CreatedOnToolsVersion = 10.0;
						TestTargetID = FE3EBF3C217DF29200AAEF28;
					};
					FE3EBF5B217DF29300AAEF28 = {
						CreatedOnToolsVersion = 10.0;
						TestTargetID = FE3EBF3C217DF29200AAEF28;
					};
				};
			};
			buildConfigurationList = FE3EBF38217DF29200AAEF28 /* Build configuration list for PBXProject "innofest2018" */;
			compatibilityVersion = "Xcode 9.3";
			developmentRegion = en;
			hasScannedForEncodings = 0;
			knownRegions = (
				en,
				Base,
			);
			mainGroup = FE3EBF34217DF29200AAEF28;
			productRefGroup = FE3EBF3E217DF29200AAEF28 /* Products */;
			projectDirPath = "";
			projectRoot = "";
			targets = (
				FE3EBF3C217DF29200AAEF28 /* innofest2018 */,
				FE3EBF50217DF29300AAEF28 /* innofest2018Tests */,
				FE3EBF5B217DF29300AAEF28 /* innofest2018UITests */,
			);
		};
/* End PBXProject section */

/* Begin PBXResourcesBuildPhase section */
		FE3EBF3B217DF29200AAEF28 /* Resources */ = {
			isa = PBXResourcesBuildPhase;
			buildActionMask = 2147483647;
			files = (
				FE3EBF4B217DF29300AAEF28 /* LaunchScreen.storyboard in Resources */,
				FE3EBF81217EDBBC00AAEF28 /* maxresdefault.jpg in Resources */,
				FE3EBF91217F00C100AAEF28 /* poop.png in Resources */,
				FE3EBF8B217EF30500AAEF28 /* class.png in Resources */,
				FE3EBF83217EDC1300AAEF28 /* download.jpeg in Resources */,
				FE3EBFB2217F0B7E00AAEF28 /* Read.png in Resources */,
				FE3EBF8D217EFA9000AAEF28 /* Photo on 23-10-18 at 2.42 PM.jpg in Resources */,
				FE3EBF7F217ED0DE00AAEF28 /* download.png in Resources */,
				FE3EBF85217EDE0000AAEF28 /* abstract-connecting-lines-and-dots-structure-on-dark-blue-background_vqhu_ynfl__F0000.png in Resources */,
				FE3EBFB1217F0B7E00AAEF28 /* Karaoke.png in Resources */,
				FE3EBFAF217F0B7E00AAEF28 /* Mahjong.png in Resources */,
				FE3EBF79217ECA6C00AAEF28 /* test.jpg in Resources */,
				FE3EBFB3217F0B7E00AAEF28 /* Dance.png in Resources */,
				FE3EBF48217DF29300AAEF28 /* Assets.xcassets in Resources */,
				FE3EBF46217DF29200AAEF28 /* Main.storyboard in Resources */,
				FE3EBFB0217F0B7E00AAEF28 /* Walk in the park.png in Resources */,
			);
			runOnlyForDeploymentPostprocessing = 0;
		};
		FE3EBF4F217DF29300AAEF28 /* Resources */ = {
			isa = PBXResourcesBuildPhase;
			buildActionMask = 2147483647;
			files = (
			);
			runOnlyForDeploymentPostprocessing = 0;
		};
		FE3EBF5A217DF29300AAEF28 /* Resources */ = {
			isa = PBXResourcesBuildPhase;
			buildActionMask = 2147483647;
			files = (
			);
			runOnlyForDeploymentPostprocessing = 0;
		};
/* End PBXResourcesBuildPhase section */

/* Begin PBXShellScriptBuildPhase section */
		421A0FAE980059D50E7CE8AE /* [CP] Check Pods Manifest.lock */ = {
			isa = PBXShellScriptBuildPhase;
			buildActionMask = 2147483647;
			files = (
			);
			inputFileListPaths = (
			);
			inputPaths = (
				"${PODS_PODFILE_DIR_PATH}/Podfile.lock",
				"${PODS_ROOT}/Manifest.lock",
			);
			name = "[CP] Check Pods Manifest.lock";
			outputFileListPaths = (
			);
			outputPaths = (
				"$(DERIVED_FILE_DIR)/Pods-innofest2018UITests-checkManifestLockResult.txt",
			);
			runOnlyForDeploymentPostprocessing = 0;
			shellPath = /bin/sh;
			shellScript = "diff \"${PODS_PODFILE_DIR_PATH}/Podfile.lock\" \"${PODS_ROOT}/Manifest.lock\" > /dev/null\nif [ $? != 0 ] ; then\n    # print error to STDERR\n    echo \"error: The sandbox is not in sync with the Podfile.lock. Run 'pod install' or update your CocoaPods installation.\" >&2\n    exit 1\nfi\n# This output is used by Xcode 'outputs' to avoid re-running this script phase.\necho \"SUCCESS\" > \"${SCRIPT_OUTPUT_FILE_0}\"\n";
			showEnvVarsInLog = 0;
		};
		49C1851F439CBCAFBF39287C /* [CP] Embed Pods Frameworks */ = {
			isa = PBXShellScriptBuildPhase;
			buildActionMask = 2147483647;
			files = (
			);
			inputFileListPaths = (
			);
			inputPaths = (
				"${PODS_ROOT}/Target Support Files/Pods-innofest2018/Pods-innofest2018-frameworks.sh",
				"${BUILT_PRODUCTS_DIR}/SCLAlertView/SCLAlertView.framework",
			);
			name = "[CP] Embed Pods Frameworks";
			outputFileListPaths = (
			);
			outputPaths = (
				"${TARGET_BUILD_DIR}/${FRAMEWORKS_FOLDER_PATH}/SCLAlertView.framework",
			);
			runOnlyForDeploymentPostprocessing = 0;
			shellPath = /bin/sh;
			shellScript = "\"${PODS_ROOT}/Target Support Files/Pods-innofest2018/Pods-innofest2018-frameworks.sh\"\n";
			showEnvVarsInLog = 0;
		};
		4DE12EE360C3B51211CCEEAA /* [CP] Check Pods Manifest.lock */ = {
			isa = PBXShellScriptBuildPhase;
			buildActionMask = 2147483647;
			files = (
			);
			inputFileListPaths = (
			);
			inputPaths = (
				"${PODS_PODFILE_DIR_PATH}/Podfile.lock",
				"${PODS_ROOT}/Manifest.lock",
			);
			name = "[CP] Check Pods Manifest.lock";
			outputFileListPaths = (
			);
			outputPaths = (
				"$(DERIVED_FILE_DIR)/Pods-innofest2018-checkManifestLockResult.txt",
			);
			runOnlyForDeploymentPostprocessing = 0;
			shellPath = /bin/sh;
			shellScript = "diff \"${PODS_PODFILE_DIR_PATH}/Podfile.lock\" \"${PODS_ROOT}/Manifest.lock\" > /dev/null\nif [ $? != 0 ] ; then\n    # print error to STDERR\n    echo \"error: The sandbox is not in sync with the Podfile.lock. Run 'pod install' or update your CocoaPods installation.\" >&2\n    exit 1\nfi\n# This output is used by Xcode 'outputs' to avoid re-running this script phase.\necho \"SUCCESS\" > \"${SCRIPT_OUTPUT_FILE_0}\"\n";
			showEnvVarsInLog = 0;
		};
		720B6A94BD37DA108A1CC0EA /* [CP] Check Pods Manifest.lock */ = {
			isa = PBXShellScriptBuildPhase;
			buildActionMask = 2147483647;
			files = (
			);
			inputFileListPaths = (
			);
			inputPaths = (
				"${PODS_PODFILE_DIR_PATH}/Podfile.lock",
				"${PODS_ROOT}/Manifest.lock",
			);
			name = "[CP] Check Pods Manifest.lock";
			outputFileListPaths = (
			);
			outputPaths = (
				"$(DERIVED_FILE_DIR)/Pods-innofest2018Tests-checkManifestLockResult.txt",
			);
			runOnlyForDeploymentPostprocessing = 0;
			shellPath = /bin/sh;
			shellScript = "diff \"${PODS_PODFILE_DIR_PATH}/Podfile.lock\" \"${PODS_ROOT}/Manifest.lock\" > /dev/null\nif [ $? != 0 ] ; then\n    # print error to STDERR\n    echo \"error: The sandbox is not in sync with the Podfile.lock. Run 'pod install' or update your CocoaPods installation.\" >&2\n    exit 1\nfi\n# This output is used by Xcode 'outputs' to avoid re-running this script phase.\necho \"SUCCESS\" > \"${SCRIPT_OUTPUT_FILE_0}\"\n";
			showEnvVarsInLog = 0;
		};
/* End PBXShellScriptBuildPhase section */

/* Begin PBXSourcesBuildPhase section */
		FE3EBF39217DF29200AAEF28 /* Sources */ = {
			isa = PBXSourcesBuildPhase;
			buildActionMask = 2147483647;
			files = (
				FE3EBF8F217EFFD100AAEF28 /* shopCollectionViewController.swift in Sources */,
				FE3EBF7D217ECBC300AAEF28 /* CollectionViewController.swift in Sources */,
				FE3EBF43217DF29200AAEF28 /* ViewController.swift in Sources */,
				FE3EBF89217EEFC100AAEF28 /* memoriesCollectionViewController.swift in Sources */,
				FE3EBF41217DF29200AAEF28 /* AppDelegate.swift in Sources */,
				FE3EBF7B217ECABB00AAEF28 /* CollectionViewCell.swift in Sources */,
			);
			runOnlyForDeploymentPostprocessing = 0;
		};
		FE3EBF4D217DF29300AAEF28 /* Sources */ = {
			isa = PBXSourcesBuildPhase;
			buildActionMask = 2147483647;
			files = (
				FE3EBF56217DF29300AAEF28 /* innofest2018Tests.swift in Sources */,
			);
			runOnlyForDeploymentPostprocessing = 0;
		};
		FE3EBF58217DF29300AAEF28 /* Sources */ = {
			isa = PBXSourcesBuildPhase;
			buildActionMask = 2147483647;
			files = (
				FE3EBF61217DF29300AAEF28 /* innofest2018UITests.swift in Sources */,
			);
			runOnlyForDeploymentPostprocessing = 0;
		};
/* End PBXSourcesBuildPhase section */

/* Begin PBXTargetDependency section */
		FE3EBF53217DF29300AAEF28 /* PBXTargetDependency */ = {
			isa = PBXTargetDependency;
			target = FE3EBF3C217DF29200AAEF28 /* innofest2018 */;
			targetProxy = FE3EBF52217DF29300AAEF28 /* PBXContainerItemProxy */;
		};
		FE3EBF5E217DF29300AAEF28 /* PBXTargetDependency */ = {
			isa = PBXTargetDependency;
			target = FE3EBF3C217DF29200AAEF28 /* innofest2018 */;
			targetProxy = FE3EBF5D217DF29300AAEF28 /* PBXContainerItemProxy */;
		};
/* End PBXTargetDependency section */

/* Begin PBXVariantGroup section */
		FE3EBF44217DF29200AAEF28 /* Main.storyboard */ = {
			isa = PBXVariantGroup;
			children = (
				FE3EBF45217DF29200AAEF28 /* Base */,
			);
			name = Main.storyboard;
			sourceTree = "<group>";
		};
		FE3EBF49217DF29300AAEF28 /* LaunchScreen.storyboard */ = {
			isa = PBXVariantGroup;
			children = (
				FE3EBF4A217DF29300AAEF28 /* Base */,
			);
			name = LaunchScreen.storyboard;
			sourceTree = "<group>";
		};
/* End PBXVariantGroup section */

/* Begin XCBuildConfiguration section */
		FE3EBF63217DF29300AAEF28 /* Debug */ = {
			isa = XCBuildConfiguration;
			buildSettings = {
				ALWAYS_SEARCH_USER_PATHS = NO;
				CLANG_ANALYZER_NONNULL = YES;
				CLANG_ANALYZER_NUMBER_OBJECT_CONVERSION = YES_AGGRESSIVE;
				CLANG_CXX_LANGUAGE_STANDARD = "gnu++14";
				CLANG_CXX_LIBRARY = "libc++";
				CLANG_ENABLE_MODULES = YES;
				CLANG_ENABLE_OBJC_ARC = YES;
				CLANG_ENABLE_OBJC_WEAK = YES;
				CLANG_WARN_BLOCK_CAPTURE_AUTORELEASING = YES;
				CLANG_WARN_BOOL_CONVERSION = YES;
				CLANG_WARN_COMMA = YES;
				CLANG_WARN_CONSTANT_CONVERSION = YES;
				CLANG_WARN_DEPRECATED_OBJC_IMPLEMENTATIONS = YES;
				CLANG_WARN_DIRECT_OBJC_ISA_USAGE = YES_ERROR;
				CLANG_WARN_DOCUMENTATION_COMMENTS = YES;
				CLANG_WARN_EMPTY_BODY = YES;
				CLANG_WARN_ENUM_CONVERSION = YES;
				CLANG_WARN_INFINITE_RECURSION = YES;
				CLANG_WARN_INT_CONVERSION = YES;
				CLANG_WARN_NON_LITERAL_NULL_CONVERSION = YES;
				CLANG_WARN_OBJC_IMPLICIT_RETAIN_SELF = YES;
				CLANG_WARN_OBJC_LITERAL_CONVERSION = YES;
				CLANG_WARN_OBJC_ROOT_CLASS = YES_ERROR;
				CLANG_WARN_RANGE_LOOP_ANALYSIS = YES;
				CLANG_WARN_STRICT_PROTOTYPES = YES;
				CLANG_WARN_SUSPICIOUS_MOVE = YES;
				CLANG_WARN_UNGUARDED_AVAILABILITY = YES_AGGRESSIVE;
				CLANG_WARN_UNREACHABLE_CODE = YES;
				CLANG_WARN__DUPLICATE_METHOD_MATCH = YES;
				CODE_SIGN_IDENTITY = "iPhone Developer";
				COPY_PHASE_STRIP = NO;
				DEBUG_INFORMATION_FORMAT = dwarf;
				ENABLE_STRICT_OBJC_MSGSEND = YES;
				ENABLE_TESTABILITY = YES;
				GCC_C_LANGUAGE_STANDARD = gnu11;
				GCC_DYNAMIC_NO_PIC = NO;
				GCC_NO_COMMON_BLOCKS = YES;
				GCC_OPTIMIZATION_LEVEL = 0;
				GCC_PREPROCESSOR_DEFINITIONS = (
					"DEBUG=1",
					"$(inherited)",
				);
				GCC_WARN_64_TO_32_BIT_CONVERSION = YES;
				GCC_WARN_ABOUT_RETURN_TYPE = YES_ERROR;
				GCC_WARN_UNDECLARED_SELECTOR = YES;
				GCC_WARN_UNINITIALIZED_AUTOS = YES_AGGRESSIVE;
				GCC_WARN_UNUSED_FUNCTION = YES;
				GCC_WARN_UNUSED_VARIABLE = YES;
				IPHONEOS_DEPLOYMENT_TARGET = 12.0;
				MTL_ENABLE_DEBUG_INFO = INCLUDE_SOURCE;
				MTL_FAST_MATH = YES;
				ONLY_ACTIVE_ARCH = YES;
				SDKROOT = iphoneos;
				SWIFT_ACTIVE_COMPILATION_CONDITIONS = DEBUG;
				SWIFT_OPTIMIZATION_LEVEL = "-Onone";
			};
			name = Debug;
		};
		FE3EBF64217DF29300AAEF28 /* Release */ = {
			isa = XCBuildConfiguration;
			buildSettings = {
				ALWAYS_SEARCH_USER_PATHS = NO;
				CLANG_ANALYZER_NONNULL = YES;
				CLANG_ANALYZER_NUMBER_OBJECT_CONVERSION = YES_AGGRESSIVE;
				CLANG_CXX_LANGUAGE_STANDARD = "gnu++14";
				CLANG_CXX_LIBRARY = "libc++";
				CLANG_ENABLE_MODULES = YES;
				CLANG_ENABLE_OBJC_ARC = YES;
				CLANG_ENABLE_OBJC_WEAK = YES;
				CLANG_WARN_BLOCK_CAPTURE_AUTORELEASING = YES;
				CLANG_WARN_BOOL_CONVERSION = YES;
				CLANG_WARN_COMMA = YES;
				CLANG_WARN_CONSTANT_CONVERSION = YES;
				CLANG_WARN_DEPRECATED_OBJC_IMPLEMENTATIONS = YES;
				CLANG_WARN_DIRECT_OBJC_ISA_USAGE = YES_ERROR;
				CLANG_WARN_DOCUMENTATION_COMMENTS = YES;
				CLANG_WARN_EMPTY_BODY = YES;
				CLANG_WARN_ENUM_CONVERSION = YES;
				CLANG_WARN_INFINITE_RECURSION = YES;
				CLANG_WARN_INT_CONVERSION = YES;
				CLANG_WARN_NON_LITERAL_NULL_CONVERSION = YES;
				CLANG_WARN_OBJC_IMPLICIT_RETAIN_SELF = YES;
				CLANG_WARN_OBJC_LITERAL_CONVERSION = YES;
				CLANG_WARN_OBJC_ROOT_CLASS = YES_ERROR;
				CLANG_WARN_RANGE_LOOP_ANALYSIS = YES;
				CLANG_WARN_STRICT_PROTOTYPES = YES;
				CLANG_WARN_SUSPICIOUS_MOVE = YES;
				CLANG_WARN_UNGUARDED_AVAILABILITY = YES_AGGRESSIVE;
				CLANG_WARN_UNREACHABLE_CODE = YES;
				CLANG_WARN__DUPLICATE_METHOD_MATCH = YES;
				CODE_SIGN_IDENTITY = "iPhone Developer";
				COPY_PHASE_STRIP = NO;
				DEBUG_INFORMATION_FORMAT = "dwarf-with-dsym";
				ENABLE_NS_ASSERTIONS = NO;
				ENABLE_STRICT_OBJC_MSGSEND = YES;
				GCC_C_LANGUAGE_STANDARD = gnu11;
				GCC_NO_COMMON_BLOCKS = YES;
				GCC_WARN_64_TO_32_BIT_CONVERSION = YES;
				GCC_WARN_ABOUT_RETURN_TYPE = YES_ERROR;
				GCC_WARN_UNDECLARED_SELECTOR = YES;
				GCC_WARN_UNINITIALIZED_AUTOS = YES_AGGRESSIVE;
				GCC_WARN_UNUSED_FUNCTION = YES;
				GCC_WARN_UNUSED_VARIABLE = YES;
				IPHONEOS_DEPLOYMENT_TARGET = 12.0;
				MTL_ENABLE_DEBUG_INFO = NO;
				MTL_FAST_MATH = YES;
				SDKROOT = iphoneos;
				SWIFT_COMPILATION_MODE = wholemodule;
				SWIFT_OPTIMIZATION_LEVEL = "-O";
				VALIDATE_PRODUCT = YES;
			};
			name = Release;
		};
		FE3EBF66217DF29300AAEF28 /* Debug */ = {
			isa = XCBuildConfiguration;
			baseConfigurationReference = 5D87C0B451EA8A0408C125E2 /* Pods-innofest2018.debug.xcconfig */;
			buildSettings = {
				ASSETCATALOG_COMPILER_APPICON_NAME = AppIcon;
				CODE_SIGN_STYLE = Automatic;
				DEVELOPMENT_TEAM = FU2A8TG5WK;
				INFOPLIST_FILE = innofest2018/Info.plist;
				LD_RUNPATH_SEARCH_PATHS = (
					"$(inherited)",
					"@executable_path/Frameworks",
				);
				PRODUCT_BUNDLE_IDENTIFIER = com.yanen.innofest2018;
				PRODUCT_NAME = "$(TARGET_NAME)";
				SWIFT_VERSION = 4.2;
				TARGETED_DEVICE_FAMILY = "1,2";
			};
			name = Debug;
		};
		FE3EBF67217DF29300AAEF28 /* Release */ = {
			isa = XCBuildConfiguration;
			baseConfigurationReference = AB914CBEAC73F42D17BA8A22 /* Pods-innofest2018.release.xcconfig */;
			buildSettings = {
				ASSETCATALOG_COMPILER_APPICON_NAME = AppIcon;
				CODE_SIGN_STYLE = Automatic;
				DEVELOPMENT_TEAM = FU2A8TG5WK;
				INFOPLIST_FILE = innofest2018/Info.plist;
				LD_RUNPATH_SEARCH_PATHS = (
					"$(inherited)",
					"@executable_path/Frameworks",
				);
				PRODUCT_BUNDLE_IDENTIFIER = com.yanen.innofest2018;
				PRODUCT_NAME = "$(TARGET_NAME)";
				SWIFT_VERSION = 4.2;
				TARGETED_DEVICE_FAMILY = "1,2";
			};
			name = Release;
		};
		FE3EBF69217DF29300AAEF28 /* Debug */ = {
			isa = XCBuildConfiguration;
			baseConfigurationReference = 78AB00D32BBC6D57AF36358B /* Pods-innofest2018Tests.debug.xcconfig */;
			buildSettings = {
				ALWAYS_EMBED_SWIFT_STANDARD_LIBRARIES = YES;
				BUNDLE_LOADER = "$(TEST_HOST)";
				CODE_SIGN_STYLE = Automatic;
				DEVELOPMENT_TEAM = FU2A8TG5WK;
				INFOPLIST_FILE = innofest2018Tests/Info.plist;
				LD_RUNPATH_SEARCH_PATHS = (
					"$(inherited)",
					"@executable_path/Frameworks",
					"@loader_path/Frameworks",
				);
				PRODUCT_BUNDLE_IDENTIFIER = com.yanen.innofest2018Tests;
				PRODUCT_NAME = "$(TARGET_NAME)";
				SWIFT_VERSION = 4.2;
				TARGETED_DEVICE_FAMILY = "1,2";
				TEST_HOST = "$(BUILT_PRODUCTS_DIR)/innofest2018.app/innofest2018";
			};
			name = Debug;
		};
		FE3EBF6A217DF29300AAEF28 /* Release */ = {
			isa = XCBuildConfiguration;
			baseConfigurationReference = 30D3449DB41CE3B442D54F88 /* Pods-innofest2018Tests.release.xcconfig */;
			buildSettings = {
				ALWAYS_EMBED_SWIFT_STANDARD_LIBRARIES = YES;
				BUNDLE_LOADER = "$(TEST_HOST)";
				CODE_SIGN_STYLE = Automatic;
				DEVELOPMENT_TEAM = FU2A8TG5WK;
				INFOPLIST_FILE = innofest2018Tests/Info.plist;
				LD_RUNPATH_SEARCH_PATHS = (
					"$(inherited)",
					"@executable_path/Frameworks",
					"@loader_path/Frameworks",
				);
				PRODUCT_BUNDLE_IDENTIFIER = com.yanen.innofest2018Tests;
				PRODUCT_NAME = "$(TARGET_NAME)";
				SWIFT_VERSION = 4.2;
				TARGETED_DEVICE_FAMILY = "1,2";
				TEST_HOST = "$(BUILT_PRODUCTS_DIR)/innofest2018.app/innofest2018";
			};
			name = Release;
		};
		FE3EBF6C217DF29300AAEF28 /* Debug */ = {
			isa = XCBuildConfiguration;
			baseConfigurationReference = C3D8280D68B2B1004E0CC463 /* Pods-innofest2018UITests.debug.xcconfig */;
			buildSettings = {
				ALWAYS_EMBED_SWIFT_STANDARD_LIBRARIES = YES;
				CODE_SIGN_STYLE = Automatic;
				DEVELOPMENT_TEAM = FU2A8TG5WK;
				INFOPLIST_FILE = innofest2018UITests/Info.plist;
				LD_RUNPATH_SEARCH_PATHS = (
					"$(inherited)",
					"@executable_path/Frameworks",
					"@loader_path/Frameworks",
				);
				PRODUCT_BUNDLE_IDENTIFIER = com.yanen.innofest2018UITests;
				PRODUCT_NAME = "$(TARGET_NAME)";
				SWIFT_VERSION = 4.2;
				TARGETED_DEVICE_FAMILY = "1,2";
				TEST_TARGET_NAME = innofest2018;
			};
			name = Debug;
		};
		FE3EBF6D217DF29300AAEF28 /* Release */ = {
			isa = XCBuildConfiguration;
			baseConfigurationReference = 51D953CC7202BB31F0469539 /* Pods-innofest2018UITests.release.xcconfig */;
			buildSettings = {
				ALWAYS_EMBED_SWIFT_STANDARD_LIBRARIES = YES;
				CODE_SIGN_STYLE = Automatic;
				DEVELOPMENT_TEAM = FU2A8TG5WK;
				INFOPLIST_FILE = innofest2018UITests/Info.plist;
				LD_RUNPATH_SEARCH_PATHS = (
					"$(inherited)",
					"@executable_path/Frameworks",
					"@loader_path/Frameworks",
				);
				PRODUCT_BUNDLE_IDENTIFIER = com.yanen.innofest2018UITests;
				PRODUCT_NAME = "$(TARGET_NAME)";
				SWIFT_VERSION = 4.2;
				TARGETED_DEVICE_FAMILY = "1,2";
				TEST_TARGET_NAME = innofest2018;
			};
			name = Release;
		};
/* End XCBuildConfiguration section */

/* Begin XCConfigurationList section */
		FE3EBF38217DF29200AAEF28 /* Build configuration list for PBXProject "innofest2018" */ = {
			isa = XCConfigurationList;
			buildConfigurations = (
				FE3EBF63217DF29300AAEF28 /* Debug */,
				FE3EBF64217DF29300AAEF28 /* Release */,
			);
			defaultConfigurationIsVisible = 0;
			defaultConfigurationName = Release;
		};
		FE3EBF65217DF29300AAEF28 /* Build configuration list for PBXNativeTarget "innofest2018" */ = {
			isa = XCConfigurationList;
			buildConfigurations = (
				FE3EBF66217DF29300AAEF28 /* Debug */,
				FE3EBF67217DF29300AAEF28 /* Release */,
			);
			defaultConfigurationIsVisible = 0;
			defaultConfigurationName = Release;
		};
		FE3EBF68217DF29300AAEF28 /* Build configuration list for PBXNativeTarget "innofest2018Tests" */ = {
			isa = XCConfigurationList;
			buildConfigurations = (
				FE3EBF69217DF29300AAEF28 /* Debug */,
				FE3EBF6A217DF29300AAEF28 /* Release */,
			);
			defaultConfigurationIsVisible = 0;
			defaultConfigurationName = Release;
		};
		FE3EBF6B217DF29300AAEF28 /* Build configuration list for PBXNativeTarget "innofest2018UITests" */ = {
			isa = XCConfigurationList;
			buildConfigurations = (
				FE3EBF6C217DF29300AAEF28 /* Debug */,
				FE3EBF6D217DF29300AAEF28 /* Release */,
			);
			defaultConfigurationIsVisible = 0;
			defaultConfigurationName = Release;
		};
/* End XCConfigurationList section */
	};
	rootObject = FE3EBF35217DF29200AAEF28 /* Project object */;
}
